
Microsoft Visual Studio Solution File, Format Version 12.00
# Visual Studio 15
VisualStudioVersion = 15.0.27130.2036
MinimumVisualStudioVersion = 10.0.40219.1
Project("{FAE04EC0-301F-11D3-BF4B-00C04F79EFBC}") = "Task3", "Task3\Task3.csproj", "{0350943D-84FD-462D-B928-20DEB325FACF}"
EndProject
Global
	GlobalSection(SolutionConfigurationPlatforms) = preSolution
		Debug|Any CPU = Debug|Any CPU
		Release|Any CPU = Release|Any CPU
	EndGlobalSection
	GlobalSection(ProjectConfigurationPlatforms) = postSolution
		{0350943D-84FD-462D-B928-20DEB325FACF}.Debug|Any CPU.ActiveCfg = Debug|Any CPU
		{0350943D-84FD-462D-B928-20DEB325FACF}.Debug|Any CPU.Build.0 = Debug|Any CPU
		{0350943D-84FD-462D-B928-20DEB325FACF}.Release|Any CPU.ActiveCfg = Release|Any CPU
		{0350943D-84FD-462D-B928-20DEB325FACF}.Release|Any CPU.Build.0 = Release|Any CPU
	EndGlobalSection
	GlobalSection(SolutionProperties) = preSolution
		HideSolutionNode = FALSE
	EndGlobalSection
	GlobalSection(ExtensibilityGlobals) = postSolution
		SolutionGuid = {5E0004AD-1217-4A28-8C51-E00F7AE1E6A9}
	EndGlobalSection
EndGlobal
